{"1.1.0",
[{<<"cowboy">>,
  {git,"https://github.com/ninenines/cowboy.git",
       {ref,"d08c2ab39d38c181abda279d5c2cadfac33a50c1"}},
  0},
 {<<"cowboy_swagger">>,
  {git,"https://github.com/BernardNotarianni/cowboy-swagger.git",
       {ref,"55dccaec6c253d91cbfcc24398d19177d728bbcc"}},
  0},
 {<<"cowlib">>,
  {git,"https://github.com/ninenines/cowlib.git",
       {ref,"d544a494af4dbc810fc9c15eaf5cc050cced1501"}},
  1},
 {<<"goldrush">>,{pkg,<<"goldrush">>,<<"0.1.8">>},1},
 {<<"jsx">>,
  {git,"https://github.com/talentdeficit/jsx.git",
       {ref,"3074d4865b3385a050badf7828ad31490d860df5"}},
  0},
 {<<"lager">>,{pkg,<<"lager">>,<<"3.2.1">>},0},
 {<<"ranch">>,
  {git,"https://github.com/ninenines/ranch.git",
       {ref,"adf1822defc2b7cfdc7aca112adabfa1d614043c"}},
  1},
 {<<"trails">>,{pkg,<<"trails">>,<<"0.2.0">>},1},
 {<<"vmq_commons">>,
  {git,"git://github.com/erlio/vmq_commons.git",
       {ref,"847d92d23ec212430bd8bace097ee91a033a8ff9"}},
  0}]}.
[
{pkg_hash,[
 {<<"goldrush">>, <<"2024BA375CEEA47E27EA70E14D2C483B2D8610101B4E852EF7F89163CDB6E649">>},
 {<<"lager">>, <<"EEF4E18B39E4195D37606D9088EA05BF1B745986CF8EC84F01D332456FE88D17">>},
 {<<"trails">>, <<"8A26C8F32B2A4D317830FAF55F034CC532D849547686806B83063AA1F65213D2">>}]}
].
